
Microsoft Visual Studio Solution File, Format Version 12.00
# Visual Studio Version 17
VisualStudioVersion = 17.5.33516.290
MinimumVisualStudioVersion = 10.0.40219.1
Project("{9A19103F-16F7-4668-BE54-9A1E7A4F7556}") = "GrpcExample", "GrpcExample.csproj", "{3CF46E1A-3B04-411F-96BB-23CCCF09CE60}"
EndProject
Global
	GlobalSection(SolutionConfigurationPlatforms) = preSolution
		Debug|Any CPU = Debug|Any CPU
		Release|Any CPU = Release|Any CPU
	EndGlobalSection
	GlobalSection(ProjectConfigurationPlatforms) = postSolution
		{3CF46E1A-3B04-411F-96BB-23CCCF09CE60}.Debug|Any CPU.ActiveCfg = Debug|Any CPU
		{3CF46E1A-3B04-411F-96BB-23CCCF09CE60}.Debug|Any CPU.Build.0 = Debug|Any CPU
		{3CF46E1A-3B04-411F-96BB-23CCCF09CE60}.Release|Any CPU.ActiveCfg = Release|Any CPU
		{3CF46E1A-3B04-411F-96BB-23CCCF09CE60}.Release|Any CPU.Build.0 = Release|Any CPU
	EndGlobalSection
	GlobalSection(SolutionProperties) = preSolution
		HideSolutionNode = FALSE
	EndGlobalSection
	GlobalSection(ExtensibilityGlobals) = postSolution
		SolutionGuid = {92C944BE-64BB-4053-A0A6-7858026088AA}
	EndGlobalSection
EndGlobal
